// !$*UTF8*$!
{
	archiveVersion = 1;
	classes = {
	};
	objectVersion = 50;
	objects = {

/* Begin PBXBuildFile section */
		4A788AE623786E6600A30AAD /* AppDelegate.swift in Sources */ = {isa = PBXBuildFile; fileRef = 4A788AE523786E6600A30AAD /* AppDelegate.swift */; };
		4A788AE823786E6600A30AAD /* SceneDelegate.swift in Sources */ = {isa = PBXBuildFile; fileRef = 4A788AE723786E6600A30AAD /* SceneDelegate.swift */; };
		4A788AEA23786E6600A30AAD /* ContentView.swift in Sources */ = {isa = PBXBuildFile; fileRef = 4A788AE923786E6600A30AAD /* ContentView.swift */; };
		4A788AEC23786E6C00A30AAD /* Assets.xcassets in Resources */ = {isa = PBXBuildFile; fileRef = 4A788AEB23786E6C00A30AAD /* Assets.xcassets */; };
		4A788AEF23786E6C00A30AAD /* Preview Assets.xcassets in Resources */ = {isa = PBXBuildFile; fileRef = 4A788AEE23786E6C00A30AAD /* Preview Assets.xcassets */; };
		4A788AF223786E6C00A30AAD /* LaunchScreen.storyboard in Resources */ = {isa = PBXBuildFile; fileRef = 4A788AF023786E6C00A30AAD /* LaunchScreen.storyboard */; };
/* End PBXBuildFile section */

/* Begin PBXFileReference section */
		4A788AE223786E6600A30AAD /* Calc swiftUI lator.app */ = {isa = PBXFileReference; explicitFileType = wrapper.application; includeInIndex = 0; path = "Calc swiftUI lator.app"; sourceTree = BUILT_PRODUCTS_DIR; };
		4A788AE523786E6600A30AAD /* AppDelegate.swift */ = {isa = PBXFileReference; lastKnownFileType = sourcecode.swift; path = AppDelegate.swift; sourceTree = "<group>"; };
		4A788AE723786E6600A30AAD /* SceneDelegate.swift */ = {isa = PBXFileReference; lastKnownFileType = sourcecode.swift; path = SceneDelegate.swift; sourceTree = "<group>"; };
		4A788AE923786E6600A30AAD /* ContentView.swift */ = {isa = PBXFileReference; lastKnownFileType = sourcecode.swift; path = ContentView.swift; sourceTree = "<group>"; };
		4A788AEB23786E6C00A30AAD /* Assets.xcassets */ = {isa = PBXFileReference; lastKnownFileType = folder.assetcatalog; path = Assets.xcassets; sourceTree = "<group>"; };
		4A788AEE23786E6C00A30AAD /* Preview Assets.xcassets */ = {isa = PBXFileReference; lastKnownFileType = folder.assetcatalog; path = "Preview Assets.xcassets"; sourceTree = "<group>"; };
		4A788AF123786E6C00A30AAD /* Base */ = {isa = PBXFileReference; lastKnownFileType = file.storyboard; name = Base; path = Base.lproj/LaunchScreen.storyboard; sourceTree = "<group>"; };
		4A788AF323786E6C00A30AAD /* Info.plist */ = {isa = PBXFileReference; lastKnownFileType = text.plist.xml; path = Info.plist; sourceTree = "<group>"; };
/* End PBXFileReference section */

/* Begin PBXFrameworksBuildPhase section */
		4A788ADF23786E6600A30AAD /* Frameworks */ = {
			isa = PBXFrameworksBuildPhase;
			buildActionMask = 2147483647;
			files = (
			);
			runOnlyForDeploymentPostprocessing = 0;
		};
/* End PBXFrameworksBuildPhase section */

/* Begin PBXGroup section */
		4A788AD923786E6600A30AAD = {
			isa = PBXGroup;
			children = (
				4A788AE423786E6600A30AAD /* Calc swiftUI lator */,
				4A788AE323786E6600A30AAD /* Products */,
			);
			sourceTree = "<group>";
		};
		4A788AE323786E6600A30AAD /* Products */ = {
			isa = PBXGroup;
			children = (
				4A788AE223786E6600A30AAD /* Calc swiftUI lator.app */,
			);
			name = Products;
			sourceTree = "<group>";
		};
		4A788AE423786E6600A30AAD /* Calc swiftUI lator */ = {
			isa = PBXGroup;
			children = (
				4A788AE523786E6600A30AAD /* AppDelegate.swift */,
				4A788AE723786E6600A30AAD /* SceneDelegate.swift */,
				4A788AE923786E6600A30AAD /* ContentView.swift */,
				4A788AEB23786E6C00A30AAD /* Assets.xcassets */,
				4A788AF023786E6C00A30AAD /* LaunchScreen.storyboard */,
				4A788AF323786E6C00A30AAD /* Info.plist */,
				4A788AED23786E6C00A30AAD /* Preview Content */,
			);
			path = "Calc swiftUI lator";
			sourceTree = "<group>";
		};
		4A788AED23786E6C00A30AAD /* Preview Content */ = {
			isa = PBXGroup;
			children = (
				4A788AEE23786E6C00A30AAD /* Preview Assets.xcassets */,
			);
			path = "Preview Content";
			sourceTree = "<group>";
		};
/* End PBXGroup section */

/* Begin PBXNativeTarget section */
		4A788AE123786E6600A30AAD /* Calc swiftUI lator */ = {
			isa = PBXNativeTarget;
			buildConfigurationList = 4A788AF623786E6C00A30AAD /* Build configuration list for PBXNativeTarget "Calc swiftUI lator" */;
			buildPhases = (
				4A788ADE23786E6600A30AAD /* Sources */,
				4A788ADF23786E6600A30AAD /* Frameworks */,
				4A788AE023786E6600A30AAD /* Resources */,
			);
			buildRules = (
			);
			dependencies = (
			);
			name = "Calc swiftUI lator";
			productName = "Calc swiftUI lator";
			productReference = 4A788AE223786E6600A30AAD /* Calc swiftUI lator.app */;
			productType = "com.apple.product-type.application";
		};
/* End PBXNativeTarget section */

/* Begin PBXProject section */
		4A788ADA23786E6600A30AAD /* Project object */ = {
			isa = PBXProject;
			attributes = {
				LastSwiftUpdateCheck = 1120;
				LastUpgradeCheck = 1120;
				ORGANIZATIONNAME = "Harry Patsis";
				TargetAttributes = {
					4A788AE123786E6600A30AAD = {
						CreatedOnToolsVersion = 11.2;
					};
				};
			};
			buildConfigurationList = 4A788ADD23786E6600A30AAD /* Build configuration list for PBXProject "Calc swiftUI lator" */;
			compatibilityVersion = "Xcode 9.3";
			developmentRegion = en;
			hasScannedForEncodings = 0;
			knownRegions = (
				en,
				Base,
			);
			mainGroup = 4A788AD923786E6600A30AAD;
			productRefGroup = 4A788AE323786E6600A30AAD /* Products */;
			projectDirPath = "";
			projectRoot = "";
			targets = (
				4A788AE123786E6600A30AAD /* Calc swiftUI lator */,
			);
		};
/* End PBXProject section */

/* Begin PBXResourcesBuildPhase section */
		4A788AE023786E6600A30AAD /* Resources */ = {
			isa = PBXResourcesBuildPhase;
			buildActionMask = 2147483647;
			files = (
				4A788AF223786E6C00A30AAD /* LaunchScreen.storyboard in Resources */,
				4A788AEF23786E6C00A30AAD /* Preview Assets.xcassets in Resources */,
				4A788AEC23786E6C00A30AAD /* Assets.xcassets in Resources */,
			);
			runOnlyForDeploymentPostprocessing = 0;
		};
/* End PBXResourcesBuildPhase section */

/* Begin PBXSourcesBuildPhase section */
		4A788ADE23786E6600A30AAD /* Sources */ = {
			isa = PBXSourcesBuildPhase;
			buildActionMask = 2147483647;
			files = (
				4A788AE623786E6600A30AAD /* AppDelegate.swift in Sources */,
				4A788AE823786E6600A30AAD /* SceneDelegate.swift in Sources */,
				4A788AEA23786E6600A30AAD /* ContentView.swift in Sources */,
			);
			runOnlyForDeploymentPostprocessing = 0;
		};
/* End PBXSourcesBuildPhase section */

/* Begin PBXVariantGroup section */
		4A788AF023786E6C00A30AAD /* LaunchScreen.storyboard */ = {
			isa = PBXVariantGroup;
			children = (
				4A788AF123786E6C00A30AAD /* Base */,
			);
			name = LaunchScreen.storyboard;
			sourceTree = "<group>";
		};
/* End PBXVariantGroup section */

/* Begin XCBuildConfiguration section */
		4A788AF423786E6C00A30AAD /* Debug */ = {
			isa = XCBuildConfiguration;
			buildSettings = {
				ALWAYS_SEARCH_USER_PATHS = NO;
				CLANG_ANALYZER_NONNULL = YES;
				CLANG_ANALYZER_NUMBER_OBJECT_CONVERSION = YES_AGGRESSIVE;
				CLANG_CXX_LANGUAGE_STANDARD = "gnu++14";
				CLANG_CXX_LIBRARY = "libc++";
				CLANG_ENABLE_MODULES = YES;
				CLANG_ENABLE_OBJC_ARC = YES;
				CLANG_ENABLE_OBJC_WEAK = YES;
				CLANG_WARN_BLOCK_CAPTURE_AUTORELEASING = YES;
				CLANG_WARN_BOOL_CONVERSION = YES;
				CLANG_WARN_COMMA = YES;
				CLANG_WARN_CONSTANT_CONVERSION = YES;
				CLANG_WARN_DEPRECATED_OBJC_IMPLEMENTATIONS = YES;
				CLANG_WARN_DIRECT_OBJC_ISA_USAGE = YES_ERROR;
				CLANG_WARN_DOCUMENTATION_COMMENTS = YES;
				CLANG_WARN_EMPTY_BODY = YES;
				CLANG_WARN_ENUM_CONVERSION = YES;
				CLANG_WARN_INFINITE_RECURSION = YES;
				CLANG_WARN_INT_CONVERSION = YES;
				CLANG_WARN_NON_LITERAL_NULL_CONVERSION = YES;
				CLANG_WARN_OBJC_IMPLICIT_RETAIN_SELF = YES;
				CLANG_WARN_OBJC_LITERAL_CONVERSION = YES;
				CLANG_WARN_OBJC_ROOT_CLASS = YES_ERROR;
				CLANG_WARN_RANGE_LOOP_ANALYSIS = YES;
				CLANG_WARN_STRICT_PROTOTYPES = YES;
				CLANG_WARN_SUSPICIOUS_MOVE = YES;
				CLANG_WARN_UNGUARDED_AVAILABILITY = YES_AGGRESSIVE;
				CLANG_WARN_UNREACHABLE_CODE = YES;
				CLANG_WARN__DUPLICATE_METHOD_MATCH = YES;
				COPY_PHASE_STRIP = NO;
				DEBUG_INFORMATION_FORMAT = dwarf;
				ENABLE_STRICT_OBJC_MSGSEND = YES;
				ENABLE_TESTABILITY = YES;
				GCC_C_LANGUAGE_STANDARD = gnu11;
				GCC_DYNAMIC_NO_PIC = NO;
				GCC_NO_COMMON_BLOCKS = YES;
				GCC_OPTIMIZATION_LEVEL = 0;
				GCC_PREPROCESSOR_DEFINITIONS = (
					"DEBUG=1",
					"$(inherited)",
				);
				GCC_WARN_64_TO_32_BIT_CONVERSION = YES;
				GCC_WARN_ABOUT_RETURN_TYPE = YES_ERROR;
				GCC_WARN_UNDECLARED_SELECTOR = YES;
				GCC_WARN_UNINITIALIZED_AUTOS = YES_AGGRESSIVE;
				GCC_WARN_UNUSED_FUNCTION = YES;
				GCC_WARN_UNUSED_VARIABLE = YES;
				IPHONEOS_DEPLOYMENT_TARGET = 13.2;
				MTL_ENABLE_DEBUG_INFO = INCLUDE_SOURCE;
				MTL_FAST_MATH = YES;
				ONLY_ACTIVE_ARCH = YES;
				SDKROOT = iphoneos;
				SWIFT_ACTIVE_COMPILATION_CONDITIONS = DEBUG;
				SWIFT_OPTIMIZATION_LEVEL = "-Onone";
			};
			name = Debug;
		};
		4A788AF523786E6C00A30AAD /* Release */ = {
			isa = XCBuildConfiguration;
			buildSettings = {
				ALWAYS_SEARCH_USER_PATHS = NO;
				CLANG_ANALYZER_NONNULL = YES;
				CLANG_ANALYZER_NUMBER_OBJECT_CONVERSION = YES_AGGRESSIVE;
				CLANG_CXX_LANGUAGE_STANDARD = "gnu++14";
				CLANG_CXX_LIBRARY = "libc++";
				CLANG_ENABLE_MODULES = YES;
				CLANG_ENABLE_OBJC_ARC = YES;
				CLANG_ENABLE_OBJC_WEAK = YES;
				CLANG_WARN_BLOCK_CAPTURE_AUTORELEASING = YES;
				CLANG_WARN_BOOL_CONVERSION = YES;
				CLANG_WARN_COMMA = YES;
				CLANG_WARN_CONSTANT_CONVERSION = YES;
				CLANG_WARN_DEPRECATED_OBJC_IMPLEMENTATIONS = YES;
				CLANG_WARN_DIRECT_OBJC_ISA_USAGE = YES_ERROR;
				CLANG_WARN_DOCUMENTATION_COMMENTS = YES;
				CLANG_WARN_EMPTY_BODY = YES;
				CLANG_WARN_ENUM_CONVERSION = YES;
				CLANG_WARN_INFINITE_RECURSION = YES;
				CLANG_WARN_INT_CONVERSION = YES;
				CLANG_WARN_NON_LITERAL_NULL_CONVERSION = YES;
				CLANG_WARN_OBJC_IMPLICIT_RETAIN_SELF = YES;
				CLANG_WARN_OBJC_LITERAL_CONVERSION = YES;
				CLANG_WARN_OBJC_ROOT_CLASS = YES_ERROR;
				CLANG_WARN_RANGE_LOOP_ANALYSIS = YES;
				CLANG_WARN_STRICT_PROTOTYPES = YES;
				CLANG_WARN_SUSPICIOUS_MOVE = YES;
				CLANG_WARN_UNGUARDED_AVAILABILITY = YES_AGGRESSIVE;
				CLANG_WARN_UNREACHABLE_CODE = YES;
				CLANG_WARN__DUPLICATE_METHOD_MATCH = YES;
				COPY_PHASE_STRIP = NO;
				DEBUG_INFORMATION_FORMAT = "dwarf-with-dsym";
				ENABLE_NS_ASSERTIONS = NO;
				ENABLE_STRICT_OBJC_MSGSEND = YES;
				GCC_C_LANGUAGE_STANDARD = gnu11;
				GCC_NO_COMMON_BLOCKS = YES;
				GCC_WARN_64_TO_32_BIT_CONVERSION = YES;
				GCC_WARN_ABOUT_RETURN_TYPE = YES_ERROR;
				GCC_WARN_UNDECLARED_SELECTOR = YES;
				GCC_WARN_UNINITIALIZED_AUTOS = YES_AGGRESSIVE;
				GCC_WARN_UNUSED_FUNCTION = YES;
				GCC_WARN_UNUSED_VARIABLE = YES;
				IPHONEOS_DEPLOYMENT_TARGET = 13.2;
				MTL_ENABLE_DEBUG_INFO = NO;
				MTL_FAST_MATH = YES;
				SDKROOT = iphoneos;
				SWIFT_COMPILATION_MODE = wholemodule;
				SWIFT_OPTIMIZATION_LEVEL = "-O";
				VALIDATE_PRODUCT = YES;
			};
			name = Release;
		};
		4A788AF723786E6C00A30AAD /* Debug */ = {
			isa = XCBuildConfiguration;
			buildSettings = {
				ASSETCATALOG_COMPILER_APPICON_NAME = AppIcon;
				CODE_SIGN_STYLE = Automatic;
				DEVELOPMENT_ASSET_PATHS = "\"Calc swiftUI lator/Preview Content\"";
				DEVELOPMENT_TEAM = 3K6SMK4JT3;
				ENABLE_PREVIEWS = YES;
				INFOPLIST_FILE = "Calc swiftUI lator/Info.plist";
				LD_RUNPATH_SEARCH_PATHS = (
					"$(inherited)",
					"@executable_path/Frameworks",
				);
				PRODUCT_BUNDLE_IDENTIFIER = "com.patsis.Calc-swiftUI-lator";
				PRODUCT_NAME = "$(TARGET_NAME)";
				SWIFT_VERSION = 5.0;
				TARGETED_DEVICE_FAMILY = "1,2";
			};
			name = Debug;
		};
		4A788AF823786E6C00A30AAD /* Release */ = {
			isa = XCBuildConfiguration;
			buildSettings = {
				ASSETCATALOG_COMPILER_APPICON_NAME = AppIcon;
				CODE_SIGN_STYLE = Automatic;
				DEVELOPMENT_ASSET_PATHS = "\"Calc swiftUI lator/Preview Content\"";
				DEVELOPMENT_TEAM = 3K6SMK4JT3;
				ENABLE_PREVIEWS = YES;
				INFOPLIST_FILE = "Calc swiftUI lator/Info.plist";
				LD_RUNPATH_SEARCH_PATHS = (
					"$(inherited)",
					"@executable_path/Frameworks",
				);
				PRODUCT_BUNDLE_IDENTIFIER = "com.patsis.Calc-swiftUI-lator";
				PRODUCT_NAME = "$(TARGET_NAME)";
				SWIFT_VERSION = 5.0;
				TARGETED_DEVICE_FAMILY = "1,2";
			};
			name = Release;
		};
/* End XCBuildConfiguration section */

/* Begin XCConfigurationList section */
		4A788ADD23786E6600A30AAD /* Build configuration list for PBXProject "Calc swiftUI lator" */ = {
			isa = XCConfigurationList;
			buildConfigurations = (
				4A788AF423786E6C00A30AAD /* Debug */,
				4A788AF523786E6C00A30AAD /* Release */,
			);
			defaultConfigurationIsVisible = 0;
			defaultConfigurationName = Release;
		};
		4A788AF623786E6C00A30AAD /* Build configuration list for PBXNativeTarget "Calc swiftUI lator" */ = {
			isa = XCConfigurationList;
			buildConfigurations = (
				4A788AF723786E6C00A30AAD /* Debug */,
				4A788AF823786E6C00A30AAD /* Release */,
			);
			defaultConfigurationIsVisible = 0;
			defaultConfigurationName = Release;
		};
/* End XCConfigurationList section */
	};
	rootObject = 4A788ADA23786E6600A30AAD /* Project object */;
}
